
Microsoft Visual Studio Solution File, Format Version 12.00
# Visual Studio Version 17
VisualStudioVersion = 17.3.32922.545
MinimumVisualStudioVersion = 10.0.40219.1
Project("{9A19103F-16F7-4668-BE54-9A1E7A4F7556}") = "F12XA6_HFT_2022231.Models", "F12XA6_HFT_2022231.Models\F12XA6_HFT_2022231.Models.csproj", "{0A22A0AB-A7A2-429A-A13F-CE08138A763A}"
EndProject
Project("{9A19103F-16F7-4668-BE54-9A1E7A4F7556}") = "F12XA6_HFT_2022231.Logic", "F12XA6_HFT_2022231.Logic\F12XA6_HFT_2022231.Logic.csproj", "{58024E93-2AB7-413A-A63F-7B92067B2ED6}"
EndProject
Project("{9A19103F-16F7-4668-BE54-9A1E7A4F7556}") = "F12XA6_HFT_2022231.Repository", "F12XA6_HFT_2022231.Repository\F12XA6_HFT_2022231.Repository.csproj", "{7DB795BF-66A2-4126-A67E-797D6261541D}"
EndProject
Project("{9A19103F-16F7-4668-BE54-9A1E7A4F7556}") = "F12XA6_HFT_2022231.Test", "F12XA6_HFT_2022231.Test\F12XA6_HFT_2022231.Test.csproj", "{3B5D4F84-1465-47BF-B77D-94F07A5E8FEC}"
EndProject
Project("{9A19103F-16F7-4668-BE54-9A1E7A4F7556}") = "F12XA6_HFT_2022231.Endpoint", "F12XA6_HFT_2022231.Endpoint\F12XA6_HFT_2022231.Endpoint.csproj", "{57F02AC9-7D43-4D3D-92C9-505D3CC093A1}"
EndProject
Project("{2150E333-8FDC-42A3-9474-1A3956D46DE8}") = "Backend", "Backend", "{D797F093-BA9A-4F1C-8E00-1F220102302A}"
EndProject
Project("{2150E333-8FDC-42A3-9474-1A3956D46DE8}") = "Frontend", "Frontend", "{C9898E0A-C426-485E-9A8B-4A5D07B1F3DE}"
EndProject
Project("{2150E333-8FDC-42A3-9474-1A3956D46DE8}") = "Shared", "Shared", "{7A6F8F68-5C89-4414-A7C4-9F059A7605E2}"
EndProject
Project("{2150E333-8FDC-42A3-9474-1A3956D46DE8}") = "Others", "Others", "{1248CC5F-9D75-499C-B078-C0287475EEB5}"
	ProjectSection(SolutionItems) = preProject
		.gitignore = .gitignore
	EndProjectSection
EndProject
Project("{9A19103F-16F7-4668-BE54-9A1E7A4F7556}") = "F12XA5_HFT_2022231.Client", "F12XA5_HFT_2022231.Client\F12XA5_HFT_2022231.Client.csproj", "{2F2FFE0D-F768-4967-B31D-1F376DF15B6E}"
EndProject
Global
	GlobalSection(SolutionConfigurationPlatforms) = preSolution
		Debug|Any CPU = Debug|Any CPU
		Release|Any CPU = Release|Any CPU
	EndGlobalSection
	GlobalSection(ProjectConfigurationPlatforms) = postSolution
		{0A22A0AB-A7A2-429A-A13F-CE08138A763A}.Debug|Any CPU.ActiveCfg = Debug|Any CPU
		{0A22A0AB-A7A2-429A-A13F-CE08138A763A}.Debug|Any CPU.Build.0 = Debug|Any CPU
		{0A22A0AB-A7A2-429A-A13F-CE08138A763A}.Release|Any CPU.ActiveCfg = Release|Any CPU
		{0A22A0AB-A7A2-429A-A13F-CE08138A763A}.Release|Any CPU.Build.0 = Release|Any CPU
		{58024E93-2AB7-413A-A63F-7B92067B2ED6}.Debug|Any CPU.ActiveCfg = Debug|Any CPU
		{58024E93-2AB7-413A-A63F-7B92067B2ED6}.Debug|Any CPU.Build.0 = Debug|Any CPU
		{58024E93-2AB7-413A-A63F-7B92067B2ED6}.Release|Any CPU.ActiveCfg = Release|Any CPU
		{58024E93-2AB7-413A-A63F-7B92067B2ED6}.Release|Any CPU.Build.0 = Release|Any CPU
		{7DB795BF-66A2-4126-A67E-797D6261541D}.Debug|Any CPU.ActiveCfg = Debug|Any CPU
		{7DB795BF-66A2-4126-A67E-797D6261541D}.Debug|Any CPU.Build.0 = Debug|Any CPU
		{7DB795BF-66A2-4126-A67E-797D6261541D}.Release|Any CPU.ActiveCfg = Release|Any CPU
		{7DB795BF-66A2-4126-A67E-797D6261541D}.Release|Any CPU.Build.0 = Release|Any CPU
		{3B5D4F84-1465-47BF-B77D-94F07A5E8FEC}.Debug|Any CPU.ActiveCfg = Debug|Any CPU
		{3B5D4F84-1465-47BF-B77D-94F07A5E8FEC}.Debug|Any CPU.Build.0 = Debug|Any CPU
		{3B5D4F84-1465-47BF-B77D-94F07A5E8FEC}.Release|Any CPU.ActiveCfg = Release|Any CPU
		{3B5D4F84-1465-47BF-B77D-94F07A5E8FEC}.Release|Any CPU.Build.0 = Release|Any CPU
		{57F02AC9-7D43-4D3D-92C9-505D3CC093A1}.Debug|Any CPU.ActiveCfg = Debug|Any CPU
		{57F02AC9-7D43-4D3D-92C9-505D3CC093A1}.Debug|Any CPU.Build.0 = Debug|Any CPU
		{57F02AC9-7D43-4D3D-92C9-505D3CC093A1}.Release|Any CPU.ActiveCfg = Release|Any CPU
		{57F02AC9-7D43-4D3D-92C9-505D3CC093A1}.Release|Any CPU.Build.0 = Release|Any CPU
		{2F2FFE0D-F768-4967-B31D-1F376DF15B6E}.Debug|Any CPU.ActiveCfg = Debug|Any CPU
		{2F2FFE0D-F768-4967-B31D-1F376DF15B6E}.Debug|Any CPU.Build.0 = Debug|Any CPU
		{2F2FFE0D-F768-4967-B31D-1F376DF15B6E}.Release|Any CPU.ActiveCfg = Release|Any CPU
		{2F2FFE0D-F768-4967-B31D-1F376DF15B6E}.Release|Any CPU.Build.0 = Release|Any CPU
	EndGlobalSection
	GlobalSection(SolutionProperties) = preSolution
		HideSolutionNode = FALSE
	EndGlobalSection
	GlobalSection(NestedProjects) = preSolution
		{0A22A0AB-A7A2-429A-A13F-CE08138A763A} = {7A6F8F68-5C89-4414-A7C4-9F059A7605E2}
		{58024E93-2AB7-413A-A63F-7B92067B2ED6} = {D797F093-BA9A-4F1C-8E00-1F220102302A}
		{7DB795BF-66A2-4126-A67E-797D6261541D} = {D797F093-BA9A-4F1C-8E00-1F220102302A}
		{3B5D4F84-1465-47BF-B77D-94F07A5E8FEC} = {C9898E0A-C426-485E-9A8B-4A5D07B1F3DE}
		{57F02AC9-7D43-4D3D-92C9-505D3CC093A1} = {D797F093-BA9A-4F1C-8E00-1F220102302A}
		{2F2FFE0D-F768-4967-B31D-1F376DF15B6E} = {C9898E0A-C426-485E-9A8B-4A5D07B1F3DE}
	EndGlobalSection
	GlobalSection(ExtensibilityGlobals) = postSolution
		SolutionGuid = {21380875-A55D-47AE-A43F-D02E52A3BAFA}
	EndGlobalSection
EndGlobal
